
Microsoft Visual Studio Solution File, Format Version 12.00
# Visual Studio 15
VisualStudioVersion = 15.0.28010.2048
MinimumVisualStudioVersion = 10.0.40219.1
Project("{9A19103F-16F7-4668-BE54-9A1E7A4F7556}") = "facesort", "facesort\facesort.csproj", "{328D5394-69E1-4FB0-AF41-D5437CE9FE33}"
EndProject
Global
	GlobalSection(SolutionConfigurationPlatforms) = preSolution
		Debug|Any CPU = Debug|Any CPU
		Release|Any CPU = Release|Any CPU
	EndGlobalSection
	GlobalSection(ProjectConfigurationPlatforms) = postSolution
		{328D5394-69E1-4FB0-AF41-D5437CE9FE33}.Debug|Any CPU.ActiveCfg = Debug|Any CPU
		{328D5394-69E1-4FB0-AF41-D5437CE9FE33}.Debug|Any CPU.Build.0 = Debug|Any CPU
		{328D5394-69E1-4FB0-AF41-D5437CE9FE33}.Release|Any CPU.ActiveCfg = Release|Any CPU
		{328D5394-69E1-4FB0-AF41-D5437CE9FE33}.Release|Any CPU.Build.0 = Release|Any CPU
	EndGlobalSection
	GlobalSection(SolutionProperties) = preSolution
		HideSolutionNode = FALSE
	EndGlobalSection
	GlobalSection(ExtensibilityGlobals) = postSolution
		SolutionGuid = {B7FF2F46-61A7-40F2-9FE0-40BD641D2F42}
	EndGlobalSection
EndGlobal
