
Microsoft Visual Studio Solution File, Format Version 12.00
# Visual Studio 15
VisualStudioVersion = 15.0.28010.2050
MinimumVisualStudioVersion = 10.0.40219.1
Project("{FAE04EC0-301F-11D3-BF4B-00C04F79EFBC}") = "simple-host", "simple-host.csproj", "{798DC85C-3B97-47FC-BE9A-A13DA840A6CB}"
EndProject
Project("{FAE04EC0-301F-11D3-BF4B-00C04F79EFBC}") = "calculator", "..\calculator\calculator.csproj", "{C8648D37-C7AB-470E-828C-EF089608FB74}"
EndProject
Project("{FAE04EC0-301F-11D3-BF4B-00C04F79EFBC}") = "calculator-test", "calculator-test\calculator-test.csproj", "{01E97FBD-9567-4071-9364-EBE399948069}"
EndProject
Global
	GlobalSection(SolutionConfigurationPlatforms) = preSolution
		Debug|Any CPU = Debug|Any CPU
		Release|Any CPU = Release|Any CPU
	EndGlobalSection
	GlobalSection(ProjectConfigurationPlatforms) = postSolution
		{798DC85C-3B97-47FC-BE9A-A13DA840A6CB}.Debug|Any CPU.ActiveCfg = Debug|Any CPU
		{798DC85C-3B97-47FC-BE9A-A13DA840A6CB}.Debug|Any CPU.Build.0 = Debug|Any CPU
		{798DC85C-3B97-47FC-BE9A-A13DA840A6CB}.Release|Any CPU.ActiveCfg = Release|Any CPU
		{798DC85C-3B97-47FC-BE9A-A13DA840A6CB}.Release|Any CPU.Build.0 = Release|Any CPU
		{C8648D37-C7AB-470E-828C-EF089608FB74}.Debug|Any CPU.ActiveCfg = Debug|Any CPU
		{C8648D37-C7AB-470E-828C-EF089608FB74}.Debug|Any CPU.Build.0 = Debug|Any CPU
		{C8648D37-C7AB-470E-828C-EF089608FB74}.Release|Any CPU.ActiveCfg = Release|Any CPU
		{C8648D37-C7AB-470E-828C-EF089608FB74}.Release|Any CPU.Build.0 = Release|Any CPU
		{01E97FBD-9567-4071-9364-EBE399948069}.Debug|Any CPU.ActiveCfg = Debug|Any CPU
		{01E97FBD-9567-4071-9364-EBE399948069}.Debug|Any CPU.Build.0 = Debug|Any CPU
		{01E97FBD-9567-4071-9364-EBE399948069}.Release|Any CPU.ActiveCfg = Release|Any CPU
		{01E97FBD-9567-4071-9364-EBE399948069}.Release|Any CPU.Build.0 = Release|Any CPU
	EndGlobalSection
	GlobalSection(SolutionProperties) = preSolution
		HideSolutionNode = FALSE
	EndGlobalSection
	GlobalSection(ExtensibilityGlobals) = postSolution
		SolutionGuid = {296475AF-54FF-44B4-AC45-AF917265678B}
	EndGlobalSection
EndGlobal
